// !$*UTF8*$!
{
	archiveVersion = 1;
	classes = {
	};
	objectVersion = 50;
	objects = {

/* Begin PBXBuildFile section */
		1CFEDBBD2387438800EDE618 /* AppDelegate.swift in Sources */ = {isa = PBXBuildFile; fileRef = 1CFEDBBC2387438800EDE618 /* AppDelegate.swift */; };
		1CFEDBBF2387438800EDE618 /* SceneDelegate.swift in Sources */ = {isa = PBXBuildFile; fileRef = 1CFEDBBE2387438800EDE618 /* SceneDelegate.swift */; };
		1CFEDBC62387438B00EDE618 /* Assets.xcassets in Resources */ = {isa = PBXBuildFile; fileRef = 1CFEDBC52387438B00EDE618 /* Assets.xcassets */; };
		1CFEDBC92387438B00EDE618 /* Preview Assets.xcassets in Resources */ = {isa = PBXBuildFile; fileRef = 1CFEDBC82387438B00EDE618 /* Preview Assets.xcassets */; };
		1CFEDBCC2387438B00EDE618 /* LaunchScreen.storyboard in Resources */ = {isa = PBXBuildFile; fileRef = 1CFEDBCA2387438B00EDE618 /* LaunchScreen.storyboard */; };
		1CFEDBD72387438B00EDE618 /* PeleTests.swift in Sources */ = {isa = PBXBuildFile; fileRef = 1CFEDBD62387438B00EDE618 /* PeleTests.swift */; };
		1CFEDBE22387438B00EDE618 /* PeleUITests.swift in Sources */ = {isa = PBXBuildFile; fileRef = 1CFEDBE12387438B00EDE618 /* PeleUITests.swift */; };
		1CFEDC402387441F00EDE618 /* DataModel.xcdatamodeld in Sources */ = {isa = PBXBuildFile; fileRef = 1CFEDC032387441F00EDE618 /* DataModel.xcdatamodeld */; };
		1CFEDC412387441F00EDE618 /* RepProtocol.swift in Sources */ = {isa = PBXBuildFile; fileRef = 1CFEDC062387441F00EDE618 /* RepProtocol.swift */; };
		1CFEDC422387441F00EDE618 /* CardioExercise.swift in Sources */ = {isa = PBXBuildFile; fileRef = 1CFEDC072387441F00EDE618 /* CardioExercise.swift */; };
		1CFEDC432387441F00EDE618 /* WeightsExercise.swift in Sources */ = {isa = PBXBuildFile; fileRef = 1CFEDC082387441F00EDE618 /* WeightsExercise.swift */; };
		1CFEDC442387441F00EDE618 /* Session.swift in Sources */ = {isa = PBXBuildFile; fileRef = 1CFEDC092387441F00EDE618 /* Session.swift */; };
		1CFEDC452387441F00EDE618 /* SetProtocol.swift in Sources */ = {isa = PBXBuildFile; fileRef = 1CFEDC0A2387441F00EDE618 /* SetProtocol.swift */; };
		1CFEDC462387441F00EDE618 /* Builder.swift in Sources */ = {isa = PBXBuildFile; fileRef = 1CFEDC0B2387441F00EDE618 /* Builder.swift */; };
		1CFEDC472387441F00EDE618 /* NSManagedConvertable.swift in Sources */ = {isa = PBXBuildFile; fileRef = 1CFEDC0C2387441F00EDE618 /* NSManagedConvertable.swift */; };
		1CFEDC482387441F00EDE618 /* Managed.swift in Sources */ = {isa = PBXBuildFile; fileRef = 1CFEDC0D2387441F00EDE618 /* Managed.swift */; };
		1CFEDC492387441F00EDE618 /* Activity.swift in Sources */ = {isa = PBXBuildFile; fileRef = 1CFEDC0E2387441F00EDE618 /* Activity.swift */; };
		1CFEDC4A2387441F00EDE618 /* Arrays.swift in Sources */ = {isa = PBXBuildFile; fileRef = 1CFEDC102387441F00EDE618 /* Arrays.swift */; };
		1CFEDC4B2387441F00EDE618 /* UserDefaults+Keys.swift in Sources */ = {isa = PBXBuildFile; fileRef = 1CFEDC112387441F00EDE618 /* UserDefaults+Keys.swift */; };
		1CFEDC4C2387441F00EDE618 /* UserDefaults+Playlists.swift in Sources */ = {isa = PBXBuildFile; fileRef = 1CFEDC122387441F00EDE618 /* UserDefaults+Playlists.swift */; };
		1CFEDC4D2387441F00EDE618 /* NSManagedObjectContextExtension.swift in Sources */ = {isa = PBXBuildFile; fileRef = 1CFEDC132387441F00EDE618 /* NSManagedObjectContextExtension.swift */; };
		1CFEDC4E2387441F00EDE618 /* UserDefaults+Exercises.swift in Sources */ = {isa = PBXBuildFile; fileRef = 1CFEDC142387441F00EDE618 /* UserDefaults+Exercises.swift */; };
		1CFEDC4F2387441F00EDE618 /* PlaylistsManager.swift in Sources */ = {isa = PBXBuildFile; fileRef = 1CFEDC162387441F00EDE618 /* PlaylistsManager.swift */; };
		1CFEDC502387441F00EDE618 /* ExercisePoolManager.swift in Sources */ = {isa = PBXBuildFile; fileRef = 1CFEDC172387441F00EDE618 /* ExercisePoolManager.swift */; };
		1CFEDC512387441F00EDE618 /* WorkoutHistoryManager.swift in Sources */ = {isa = PBXBuildFile; fileRef = 1CFEDC182387441F00EDE618 /* WorkoutHistoryManager.swift */; };
		1CFEDC522387441F00EDE618 /* ExerciseHistoryManager.swift in Sources */ = {isa = PBXBuildFile; fileRef = 1CFEDC192387441F00EDE618 /* ExerciseHistoryManager.swift */; };
		1CFEDC532387441F00EDE618 /* PeleRoutine.swift in Sources */ = {isa = PBXBuildFile; fileRef = 1CFEDC1B2387441F00EDE618 /* PeleRoutine.swift */; };
		1CFEDC542387441F00EDE618 /* WorkoutPlaylist.swift in Sources */ = {isa = PBXBuildFile; fileRef = 1CFEDC1C2387441F00EDE618 /* WorkoutPlaylist.swift */; };
		1CFEDC552387441F00EDE618 /* PeleWorkout.swift in Sources */ = {isa = PBXBuildFile; fileRef = 1CFEDC1D2387441F00EDE618 /* PeleWorkout.swift */; };
		1CFEDC562387441F00EDE618 /* PeleExercise.swift in Sources */ = {isa = PBXBuildFile; fileRef = 1CFEDC1E2387441F00EDE618 /* PeleExercise.swift */; };
		1CFEDC572387441F00EDE618 /* MuscleGroups.swift in Sources */ = {isa = PBXBuildFile; fileRef = 1CFEDC1F2387441F00EDE618 /* MuscleGroups.swift */; };
		1CFEDC582387441F00EDE618 /* LogExerciseViewModel.swift in Sources */ = {isa = PBXBuildFile; fileRef = 1CFEDC212387441F00EDE618 /* LogExerciseViewModel.swift */; };
		1CFEDC592387441F00EDE618 /* NumberFieldViewModel.swift in Sources */ = {isa = PBXBuildFile; fileRef = 1CFEDC222387441F00EDE618 /* NumberFieldViewModel.swift */; };
		1CFEDC5A2387441F00EDE618 /* SetViewModel.swift in Sources */ = {isa = PBXBuildFile; fileRef = 1CFEDC232387441F00EDE618 /* SetViewModel.swift */; };
		1CFEDC5B2387441F00EDE618 /* WorkoutListViewModel.swift in Sources */ = {isa = PBXBuildFile; fileRef = 1CFEDC242387441F00EDE618 /* WorkoutListViewModel.swift */; };
		1CFEDC5C2387441F00EDE618 /* PlayRoutineViewModel.swift in Sources */ = {isa = PBXBuildFile; fileRef = 1CFEDC252387441F00EDE618 /* PlayRoutineViewModel.swift */; };
		1CFEDC5D2387441F00EDE618 /* ExerciseHistoryViewModel.swift in Sources */ = {isa = PBXBuildFile; fileRef = 1CFEDC262387441F00EDE618 /* ExerciseHistoryViewModel.swift */; };
		1CFEDC5E2387441F00EDE618 /* WorkoutViewModel.swift in Sources */ = {isa = PBXBuildFile; fileRef = 1CFEDC272387441F00EDE618 /* WorkoutViewModel.swift */; };
		1CFEDC5F2387441F00EDE618 /* ExerciseSet+CoreDataProperties.swift in Sources */ = {isa = PBXBuildFile; fileRef = 1CFEDC292387441F00EDE618 /* ExerciseSet+CoreDataProperties.swift */; };
		1CFEDC602387441F00EDE618 /* Workout+CoreDataProperties.swift in Sources */ = {isa = PBXBuildFile; fileRef = 1CFEDC2A2387441F00EDE618 /* Workout+CoreDataProperties.swift */; };
		1CFEDC622387441F00EDE618 /* BoxView.swift in Sources */ = {isa = PBXBuildFile; fileRef = 1CFEDC2E2387441F00EDE618 /* BoxView.swift */; };
		1CFEDC632387441F00EDE618 /* AddExercise.swift in Sources */ = {isa = PBXBuildFile; fileRef = 1CFEDC2F2387441F00EDE618 /* AddExercise.swift */; };
		1CFEDC642387441F00EDE618 /* AddRoutine.swift in Sources */ = {isa = PBXBuildFile; fileRef = 1CFEDC302387441F00EDE618 /* AddRoutine.swift */; };
		1CFEDC652387441F00EDE618 /* EditRoutine.swift in Sources */ = {isa = PBXBuildFile; fileRef = 1CFEDC312387441F00EDE618 /* EditRoutine.swift */; };
		1CFEDC662387441F00EDE618 /* ExerciseRow.swift in Sources */ = {isa = PBXBuildFile; fileRef = 1CFEDC322387441F00EDE618 /* ExerciseRow.swift */; };
		1CFEDC672387441F00EDE618 /* RoutineRow.swift in Sources */ = {isa = PBXBuildFile; fileRef = 1CFEDC332387441F00EDE618 /* RoutineRow.swift */; };
		1CFEDC682387441F00EDE618 /* RoutineTab.swift in Sources */ = {isa = PBXBuildFile; fileRef = 1CFEDC342387441F00EDE618 /* RoutineTab.swift */; };
		1CFEDC692387441F00EDE618 /* HistoryTab.swift in Sources */ = {isa = PBXBuildFile; fileRef = 1CFEDC362387441F00EDE618 /* HistoryTab.swift */; };
		1CFEDC6A2387441F00EDE618 /* ExerciseHistoryPost.swift in Sources */ = {isa = PBXBuildFile; fileRef = 1CFEDC372387441F00EDE618 /* ExerciseHistoryPost.swift */; };
		1CFEDC6B2387441F00EDE618 /* WorkoutRow.swift in Sources */ = {isa = PBXBuildFile; fileRef = 1CFEDC382387441F00EDE618 /* WorkoutRow.swift */; };
		1CFEDC6C2387441F00EDE618 /* ExerciseDetailGraphView.swift in Sources */ = {isa = PBXBuildFile; fileRef = 1CFEDC392387441F00EDE618 /* ExerciseDetailGraphView.swift */; };
		1CFEDC6D2387441F00EDE618 /* WorkoutDetailView.swift in Sources */ = {isa = PBXBuildFile; fileRef = 1CFEDC3A2387441F00EDE618 /* WorkoutDetailView.swift */; };
		1CFEDC6E2387441F00EDE618 /* ContentView.swift in Sources */ = {isa = PBXBuildFile; fileRef = 1CFEDC3B2387441F00EDE618 /* ContentView.swift */; };
		1CFEDC6F2387441F00EDE618 /* LogSet.swift in Sources */ = {isa = PBXBuildFile; fileRef = 1CFEDC3D2387441F00EDE618 /* LogSet.swift */; };
		1CFEDC702387441F00EDE618 /* LogExercise.swift in Sources */ = {isa = PBXBuildFile; fileRef = 1CFEDC3E2387441F00EDE618 /* LogExercise.swift */; };
		1CFEDC712387441F00EDE618 /* PlayRoutine.swift in Sources */ = {isa = PBXBuildFile; fileRef = 1CFEDC3F2387441F00EDE618 /* PlayRoutine.swift */; };
		1CFEDC83238744CF00EDE618 /* Icon-App-76x76@2x.png in Resources */ = {isa = PBXBuildFile; fileRef = 1CFEDC73238744CF00EDE618 /* Icon-App-76x76@2x.png */; };
		1CFEDC84238744CF00EDE618 /* Icon-App-29x29@1x.png in Resources */ = {isa = PBXBuildFile; fileRef = 1CFEDC74238744CF00EDE618 /* Icon-App-29x29@1x.png */; };
		1CFEDC85238744CF00EDE618 /* Icon-App-40x40@1x.png in Resources */ = {isa = PBXBuildFile; fileRef = 1CFEDC75238744CF00EDE618 /* Icon-App-40x40@1x.png */; };
		1CFEDC86238744CF00EDE618 /* Icon-App-20x20@1x.png in Resources */ = {isa = PBXBuildFile; fileRef = 1CFEDC76238744CF00EDE618 /* Icon-App-20x20@1x.png */; };
		1CFEDC87238744CF00EDE618 /* Icon-App-83.5x83.5@2x.png in Resources */ = {isa = PBXBuildFile; fileRef = 1CFEDC77238744CF00EDE618 /* Icon-App-83.5x83.5@2x.png */; };
		1CFEDC88238744CF00EDE618 /* Icon-App-20x20@3x.png in Resources */ = {isa = PBXBuildFile; fileRef = 1CFEDC78238744CF00EDE618 /* Icon-App-20x20@3x.png */; };
		1CFEDC89238744CF00EDE618 /* ItunesArtwork@2x.png in Resources */ = {isa = PBXBuildFile; fileRef = 1CFEDC79238744CF00EDE618 /* ItunesArtwork@2x.png */; };
		1CFEDC8A238744CF00EDE618 /* Contents.json in Resources */ = {isa = PBXBuildFile; fileRef = 1CFEDC7A238744CF00EDE618 /* Contents.json */; };
		1CFEDC8B238744CF00EDE618 /* Icon-App-20x20@2x.png in Resources */ = {isa = PBXBuildFile; fileRef = 1CFEDC7B238744CF00EDE618 /* Icon-App-20x20@2x.png */; };
		1CFEDC8C238744CF00EDE618 /* Icon-App-29x29@3x.png in Resources */ = {isa = PBXBuildFile; fileRef = 1CFEDC7C238744CF00EDE618 /* Icon-App-29x29@3x.png */; };
		1CFEDC8D238744CF00EDE618 /* Icon-App-40x40@2x.png in Resources */ = {isa = PBXBuildFile; fileRef = 1CFEDC7D238744CF00EDE618 /* Icon-App-40x40@2x.png */; };
		1CFEDC8E238744CF00EDE618 /* Icon-App-60x60@3x.png in Resources */ = {isa = PBXBuildFile; fileRef = 1CFEDC7E238744CF00EDE618 /* Icon-App-60x60@3x.png */; };
		1CFEDC8F238744CF00EDE618 /* Icon-App-60x60@2x.png in Resources */ = {isa = PBXBuildFile; fileRef = 1CFEDC7F238744CF00EDE618 /* Icon-App-60x60@2x.png */; };
		1CFEDC90238744CF00EDE618 /* Icon-App-76x76@1x.png in Resources */ = {isa = PBXBuildFile; fileRef = 1CFEDC80238744CF00EDE618 /* Icon-App-76x76@1x.png */; };
		1CFEDC91238744CF00EDE618 /* Icon-App-40x40@3x.png in Resources */ = {isa = PBXBuildFile; fileRef = 1CFEDC81238744CF00EDE618 /* Icon-App-40x40@3x.png */; };
		1CFEDC92238744CF00EDE618 /* Icon-App-29x29@2x.png in Resources */ = {isa = PBXBuildFile; fileRef = 1CFEDC82238744CF00EDE618 /* Icon-App-29x29@2x.png */; };
/* End PBXBuildFile section */

/* Begin PBXContainerItemProxy section */
		1CFEDBD32387438B00EDE618 /* PBXContainerItemProxy */ = {
			isa = PBXContainerItemProxy;
			containerPortal = 1CFEDBB12387438800EDE618 /* Project object */;
			proxyType = 1;
			remoteGlobalIDString = 1CFEDBB82387438800EDE618;
			remoteInfo = Pele;
		};
		1CFEDBDE2387438B00EDE618 /* PBXContainerItemProxy */ = {
			isa = PBXContainerItemProxy;
			containerPortal = 1CFEDBB12387438800EDE618 /* Project object */;
			proxyType = 1;
			remoteGlobalIDString = 1CFEDBB82387438800EDE618;
			remoteInfo = Pele;
		};
/* End PBXContainerItemProxy section */

/* Begin PBXFileReference section */
		1CFEDBB92387438800EDE618 /* Pele.app */ = {isa = PBXFileReference; explicitFileType = wrapper.application; includeInIndex = 0; path = Pele.app; sourceTree = BUILT_PRODUCTS_DIR; };
		1CFEDBBC2387438800EDE618 /* AppDelegate.swift */ = {isa = PBXFileReference; lastKnownFileType = sourcecode.swift; path = AppDelegate.swift; sourceTree = "<group>"; };
		1CFEDBBE2387438800EDE618 /* SceneDelegate.swift */ = {isa = PBXFileReference; lastKnownFileType = sourcecode.swift; path = SceneDelegate.swift; sourceTree = "<group>"; };
		1CFEDBC52387438B00EDE618 /* Assets.xcassets */ = {isa = PBXFileReference; lastKnownFileType = folder.assetcatalog; path = Assets.xcassets; sourceTree = "<group>"; };
		1CFEDBC82387438B00EDE618 /* Preview Assets.xcassets */ = {isa = PBXFileReference; lastKnownFileType = folder.assetcatalog; path = "Preview Assets.xcassets"; sourceTree = "<group>"; };
		1CFEDBCB2387438B00EDE618 /* Base */ = {isa = PBXFileReference; lastKnownFileType = file.storyboard; name = Base; path = Base.lproj/LaunchScreen.storyboard; sourceTree = "<group>"; };
		1CFEDBCD2387438B00EDE618 /* Info.plist */ = {isa = PBXFileReference; lastKnownFileType = text.plist.xml; path = Info.plist; sourceTree = "<group>"; };
		1CFEDBD22387438B00EDE618 /* PeleTests.xctest */ = {isa = PBXFileReference; explicitFileType = wrapper.cfbundle; includeInIndex = 0; path = PeleTests.xctest; sourceTree = BUILT_PRODUCTS_DIR; };
		1CFEDBD62387438B00EDE618 /* PeleTests.swift */ = {isa = PBXFileReference; lastKnownFileType = sourcecode.swift; path = PeleTests.swift; sourceTree = "<group>"; };
		1CFEDBD82387438B00EDE618 /* Info.plist */ = {isa = PBXFileReference; lastKnownFileType = text.plist.xml; path = Info.plist; sourceTree = "<group>"; };
		1CFEDBDD2387438B00EDE618 /* PeleUITests.xctest */ = {isa = PBXFileReference; explicitFileType = wrapper.cfbundle; includeInIndex = 0; path = PeleUITests.xctest; sourceTree = BUILT_PRODUCTS_DIR; };
		1CFEDBE12387438B00EDE618 /* PeleUITests.swift */ = {isa = PBXFileReference; lastKnownFileType = sourcecode.swift; path = PeleUITests.swift; sourceTree = "<group>"; };
		1CFEDBE32387438B00EDE618 /* Info.plist */ = {isa = PBXFileReference; lastKnownFileType = text.plist.xml; path = Info.plist; sourceTree = "<group>"; };
		1CFEDC042387441F00EDE618 /* DataModel.xcdatamodel */ = {isa = PBXFileReference; lastKnownFileType = wrapper.xcdatamodel; path = DataModel.xcdatamodel; sourceTree = "<group>"; };
		1CFEDC062387441F00EDE618 /* RepProtocol.swift */ = {isa = PBXFileReference; fileEncoding = 4; lastKnownFileType = sourcecode.swift; path = RepProtocol.swift; sourceTree = "<group>"; };
		1CFEDC072387441F00EDE618 /* CardioExercise.swift */ = {isa = PBXFileReference; fileEncoding = 4; lastKnownFileType = sourcecode.swift; path = CardioExercise.swift; sourceTree = "<group>"; };
		1CFEDC082387441F00EDE618 /* WeightsExercise.swift */ = {isa = PBXFileReference; fileEncoding = 4; lastKnownFileType = sourcecode.swift; path = WeightsExercise.swift; sourceTree = "<group>"; };
		1CFEDC092387441F00EDE618 /* Session.swift */ = {isa = PBXFileReference; fileEncoding = 4; lastKnownFileType = sourcecode.swift; path = Session.swift; sourceTree = "<group>"; };
		1CFEDC0A2387441F00EDE618 /* SetProtocol.swift */ = {isa = PBXFileReference; fileEncoding = 4; lastKnownFileType = sourcecode.swift; path = SetProtocol.swift; sourceTree = "<group>"; };
		1CFEDC0B2387441F00EDE618 /* Builder.swift */ = {isa = PBXFileReference; fileEncoding = 4; lastKnownFileType = sourcecode.swift; path = Builder.swift; sourceTree = "<group>"; };
		1CFEDC0C2387441F00EDE618 /* NSManagedConvertable.swift */ = {isa = PBXFileReference; fileEncoding = 4; lastKnownFileType = sourcecode.swift; path = NSManagedConvertable.swift; sourceTree = "<group>"; };
		1CFEDC0D2387441F00EDE618 /* Managed.swift */ = {isa = PBXFileReference; fileEncoding = 4; lastKnownFileType = sourcecode.swift; path = Managed.swift; sourceTree = "<group>"; };
		1CFEDC0E2387441F00EDE618 /* Activity.swift */ = {isa = PBXFileReference; fileEncoding = 4; lastKnownFileType = sourcecode.swift; path = Activity.swift; sourceTree = "<group>"; };
		1CFEDC102387441F00EDE618 /* Arrays.swift */ = {isa = PBXFileReference; fileEncoding = 4; lastKnownFileType = sourcecode.swift; path = Arrays.swift; sourceTree = "<group>"; };
		1CFEDC112387441F00EDE618 /* UserDefaults+Keys.swift */ = {isa = PBXFileReference; fileEncoding = 4; lastKnownFileType = sourcecode.swift; path = "UserDefaults+Keys.swift"; sourceTree = "<group>"; };
		1CFEDC122387441F00EDE618 /* UserDefaults+Playlists.swift */ = {isa = PBXFileReference; fileEncoding = 4; lastKnownFileType = sourcecode.swift; path = "UserDefaults+Playlists.swift"; sourceTree = "<group>"; };
		1CFEDC132387441F00EDE618 /* NSManagedObjectContextExtension.swift */ = {isa = PBXFileReference; fileEncoding = 4; lastKnownFileType = sourcecode.swift; path = NSManagedObjectContextExtension.swift; sourceTree = "<group>"; };
		1CFEDC142387441F00EDE618 /* UserDefaults+Exercises.swift */ = {isa = PBXFileReference; fileEncoding = 4; lastKnownFileType = sourcecode.swift; path = "UserDefaults+Exercises.swift"; sourceTree = "<group>"; };
		1CFEDC162387441F00EDE618 /* PlaylistsManager.swift */ = {isa = PBXFileReference; fileEncoding = 4; lastKnownFileType = sourcecode.swift; path = PlaylistsManager.swift; sourceTree = "<group>"; };
		1CFEDC172387441F00EDE618 /* ExercisePoolManager.swift */ = {isa = PBXFileReference; fileEncoding = 4; lastKnownFileType = sourcecode.swift; path = ExercisePoolManager.swift; sourceTree = "<group>"; };
		1CFEDC182387441F00EDE618 /* WorkoutHistoryManager.swift */ = {isa = PBXFileReference; fileEncoding = 4; lastKnownFileType = sourcecode.swift; path = WorkoutHistoryManager.swift; sourceTree = "<group>"; };
		1CFEDC192387441F00EDE618 /* ExerciseHistoryManager.swift */ = {isa = PBXFileReference; fileEncoding = 4; lastKnownFileType = sourcecode.swift; path = ExerciseHistoryManager.swift; sourceTree = "<group>"; };
		1CFEDC1B2387441F00EDE618 /* PeleRoutine.swift */ = {isa = PBXFileReference; fileEncoding = 4; lastKnownFileType = sourcecode.swift; path = PeleRoutine.swift; sourceTree = "<group>"; };
		1CFEDC1C2387441F00EDE618 /* WorkoutPlaylist.swift */ = {isa = PBXFileReference; fileEncoding = 4; lastKnownFileType = sourcecode.swift; path = WorkoutPlaylist.swift; sourceTree = "<group>"; };
		1CFEDC1D2387441F00EDE618 /* PeleWorkout.swift */ = {isa = PBXFileReference; fileEncoding = 4; lastKnownFileType = sourcecode.swift; path = PeleWorkout.swift; sourceTree = "<group>"; };
		1CFEDC1E2387441F00EDE618 /* PeleExercise.swift */ = {isa = PBXFileReference; fileEncoding = 4; lastKnownFileType = sourcecode.swift; path = PeleExercise.swift; sourceTree = "<group>"; };
		1CFEDC1F2387441F00EDE618 /* MuscleGroups.swift */ = {isa = PBXFileReference; fileEncoding = 4; lastKnownFileType = sourcecode.swift; path = MuscleGroups.swift; sourceTree = "<group>"; };
		1CFEDC212387441F00EDE618 /* LogExerciseViewModel.swift */ = {isa = PBXFileReference; fileEncoding = 4; lastKnownFileType = sourcecode.swift; path = LogExerciseViewModel.swift; sourceTree = "<group>"; };
		1CFEDC222387441F00EDE618 /* NumberFieldViewModel.swift */ = {isa = PBXFileReference; fileEncoding = 4; lastKnownFileType = sourcecode.swift; path = NumberFieldViewModel.swift; sourceTree = "<group>"; };
		1CFEDC232387441F00EDE618 /* SetViewModel.swift */ = {isa = PBXFileReference; fileEncoding = 4; lastKnownFileType = sourcecode.swift; path = SetViewModel.swift; sourceTree = "<group>"; };
		1CFEDC242387441F00EDE618 /* WorkoutListViewModel.swift */ = {isa = PBXFileReference; fileEncoding = 4; lastKnownFileType = sourcecode.swift; path = WorkoutListViewModel.swift; sourceTree = "<group>"; };
		1CFEDC252387441F00EDE618 /* PlayRoutineViewModel.swift */ = {isa = PBXFileReference; fileEncoding = 4; lastKnownFileType = sourcecode.swift; path = PlayRoutineViewModel.swift; sourceTree = "<group>"; };
		1CFEDC262387441F00EDE618 /* ExerciseHistoryViewModel.swift */ = {isa = PBXFileReference; fileEncoding = 4; lastKnownFileType = sourcecode.swift; path = ExerciseHistoryViewModel.swift; sourceTree = "<group>"; };
		1CFEDC272387441F00EDE618 /* WorkoutViewModel.swift */ = {isa = PBXFileReference; fileEncoding = 4; lastKnownFileType = sourcecode.swift; path = WorkoutViewModel.swift; sourceTree = "<group>"; };
		1CFEDC292387441F00EDE618 /* ExerciseSet+CoreDataProperties.swift */ = {isa = PBXFileReference; fileEncoding = 4; lastKnownFileType = sourcecode.swift; path = "ExerciseSet+CoreDataProperties.swift"; sourceTree = "<group>"; };
		1CFEDC2A2387441F00EDE618 /* Workout+CoreDataProperties.swift */ = {isa = PBXFileReference; fileEncoding = 4; lastKnownFileType = sourcecode.swift; path = "Workout+CoreDataProperties.swift"; sourceTree = "<group>"; };
		1CFEDC2E2387441F00EDE618 /* BoxView.swift */ = {isa = PBXFileReference; fileEncoding = 4; lastKnownFileType = sourcecode.swift; path = BoxView.swift; sourceTree = "<group>"; };
		1CFEDC2F2387441F00EDE618 /* AddExercise.swift */ = {isa = PBXFileReference; fileEncoding = 4; lastKnownFileType = sourcecode.swift; path = AddExercise.swift; sourceTree = "<group>"; };
		1CFEDC302387441F00EDE618 /* AddRoutine.swift */ = {isa = PBXFileReference; fileEncoding = 4; lastKnownFileType = sourcecode.swift; path = AddRoutine.swift; sourceTree = "<group>"; };
		1CFEDC312387441F00EDE618 /* EditRoutine.swift */ = {isa = PBXFileReference; fileEncoding = 4; lastKnownFileType = sourcecode.swift; path = EditRoutine.swift; sourceTree = "<group>"; };
		1CFEDC322387441F00EDE618 /* ExerciseRow.swift */ = {isa = PBXFileReference; fileEncoding = 4; lastKnownFileType = sourcecode.swift; path = ExerciseRow.swift; sourceTree = "<group>"; };
		1CFEDC332387441F00EDE618 /* RoutineRow.swift */ = {isa = PBXFileReference; fileEncoding = 4; lastKnownFileType = sourcecode.swift; path = RoutineRow.swift; sourceTree = "<group>"; };
		1CFEDC342387441F00EDE618 /* RoutineTab.swift */ = {isa = PBXFileReference; fileEncoding = 4; lastKnownFileType = sourcecode.swift; path = RoutineTab.swift; sourceTree = "<group>"; };
		1CFEDC362387441F00EDE618 /* HistoryTab.swift */ = {isa = PBXFileReference; fileEncoding = 4; lastKnownFileType = sourcecode.swift; path = HistoryTab.swift; sourceTree = "<group>"; };
		1CFEDC372387441F00EDE618 /* ExerciseHistoryPost.swift */ = {isa = PBXFileReference; fileEncoding = 4; lastKnownFileType = sourcecode.swift; path = ExerciseHistoryPost.swift; sourceTree = "<group>"; };
		1CFEDC382387441F00EDE618 /* WorkoutRow.swift */ = {isa = PBXFileReference; fileEncoding = 4; lastKnownFileType = sourcecode.swift; path = WorkoutRow.swift; sourceTree = "<group>"; };
		1CFEDC392387441F00EDE618 /* ExerciseDetailGraphView.swift */ = {isa = PBXFileReference; fileEncoding = 4; lastKnownFileType = sourcecode.swift; path = ExerciseDetailGraphView.swift; sourceTree = "<group>"; };
		1CFEDC3A2387441F00EDE618 /* WorkoutDetailView.swift */ = {isa = PBXFileReference; fileEncoding = 4; lastKnownFileType = sourcecode.swift; path = WorkoutDetailView.swift; sourceTree = "<group>"; };
		1CFEDC3B2387441F00EDE618 /* ContentView.swift */ = {isa = PBXFileReference; fileEncoding = 4; lastKnownFileType = sourcecode.swift; path = ContentView.swift; sourceTree = "<group>"; };
		1CFEDC3D2387441F00EDE618 /* LogSet.swift */ = {isa = PBXFileReference; fileEncoding = 4; lastKnownFileType = sourcecode.swift; path = LogSet.swift; sourceTree = "<group>"; };
		1CFEDC3E2387441F00EDE618 /* LogExercise.swift */ = {isa = PBXFileReference; fileEncoding = 4; lastKnownFileType = sourcecode.swift; path = LogExercise.swift; sourceTree = "<group>"; };
		1CFEDC3F2387441F00EDE618 /* PlayRoutine.swift */ = {isa = PBXFileReference; fileEncoding = 4; lastKnownFileType = sourcecode.swift; path = PlayRoutine.swift; sourceTree = "<group>"; };
		1CFEDC73238744CF00EDE618 /* Icon-App-76x76@2x.png */ = {isa = PBXFileReference; lastKnownFileType = image.png; path = "Icon-App-76x76@2x.png"; sourceTree = "<group>"; };
		1CFEDC74238744CF00EDE618 /* Icon-App-29x29@1x.png */ = {isa = PBXFileReference; lastKnownFileType = image.png; path = "Icon-App-29x29@1x.png"; sourceTree = "<group>"; };
		1CFEDC75238744CF00EDE618 /* Icon-App-40x40@1x.png */ = {isa = PBXFileReference; lastKnownFileType = image.png; path = "Icon-App-40x40@1x.png"; sourceTree = "<group>"; };
		1CFEDC76238744CF00EDE618 /* Icon-App-20x20@1x.png */ = {isa = PBXFileReference; lastKnownFileType = image.png; path = "Icon-App-20x20@1x.png"; sourceTree = "<group>"; };
		1CFEDC77238744CF00EDE618 /* Icon-App-83.5x83.5@2x.png */ = {isa = PBXFileReference; lastKnownFileType = image.png; path = "Icon-App-83.5x83.5@2x.png"; sourceTree = "<group>"; };
		1CFEDC78238744CF00EDE618 /* Icon-App-20x20@3x.png */ = {isa = PBXFileReference; lastKnownFileType = image.png; path = "Icon-App-20x20@3x.png"; sourceTree = "<group>"; };
		1CFEDC79238744CF00EDE618 /* ItunesArtwork@2x.png */ = {isa = PBXFileReference; lastKnownFileType = image.png; path = "ItunesArtwork@2x.png"; sourceTree = "<group>"; };
		1CFEDC7A238744CF00EDE618 /* Contents.json */ = {isa = PBXFileReference; fileEncoding = 4; lastKnownFileType = text.json; path = Contents.json; sourceTree = "<group>"; };
		1CFEDC7B238744CF00EDE618 /* Icon-App-20x20@2x.png */ = {isa = PBXFileReference; lastKnownFileType = image.png; path = "Icon-App-20x20@2x.png"; sourceTree = "<group>"; };
		1CFEDC7C238744CF00EDE618 /* Icon-App-29x29@3x.png */ = {isa = PBXFileReference; lastKnownFileType = image.png; path = "Icon-App-29x29@3x.png"; sourceTree = "<group>"; };
		1CFEDC7D238744CF00EDE618 /* Icon-App-40x40@2x.png */ = {isa = PBXFileReference; lastKnownFileType = image.png; path = "Icon-App-40x40@2x.png"; sourceTree = "<group>"; };
		1CFEDC7E238744CF00EDE618 /* Icon-App-60x60@3x.png */ = {isa = PBXFileReference; lastKnownFileType = image.png; path = "Icon-App-60x60@3x.png"; sourceTree = "<group>"; };
		1CFEDC7F238744CF00EDE618 /* Icon-App-60x60@2x.png */ = {isa = PBXFileReference; lastKnownFileType = image.png; path = "Icon-App-60x60@2x.png"; sourceTree = "<group>"; };
		1CFEDC80238744CF00EDE618 /* Icon-App-76x76@1x.png */ = {isa = PBXFileReference; lastKnownFileType = image.png; path = "Icon-App-76x76@1x.png"; sourceTree = "<group>"; };
		1CFEDC81238744CF00EDE618 /* Icon-App-40x40@3x.png */ = {isa = PBXFileReference; lastKnownFileType = image.png; path = "Icon-App-40x40@3x.png"; sourceTree = "<group>"; };
		1CFEDC82238744CF00EDE618 /* Icon-App-29x29@2x.png */ = {isa = PBXFileReference; lastKnownFileType = image.png; path = "Icon-App-29x29@2x.png"; sourceTree = "<group>"; };
/* End PBXFileReference section */

/* Begin PBXFrameworksBuildPhase section */
		1CFEDBB62387438800EDE618 /* Frameworks */ = {
			isa = PBXFrameworksBuildPhase;
			buildActionMask = 2147483647;
			files = (
			);
			runOnlyForDeploymentPostprocessing = 0;
		};
		1CFEDBCF2387438B00EDE618 /* Frameworks */ = {
			isa = PBXFrameworksBuildPhase;
			buildActionMask = 2147483647;
			files = (
			);
			runOnlyForDeploymentPostprocessing = 0;
		};
		1CFEDBDA2387438B00EDE618 /* Frameworks */ = {
			isa = PBXFrameworksBuildPhase;
			buildActionMask = 2147483647;
			files = (
			);
			runOnlyForDeploymentPostprocessing = 0;
		};
/* End PBXFrameworksBuildPhase section */

/* Begin PBXGroup section */
		1CFEDBB02387438800EDE618 = {
			isa = PBXGroup;
			children = (
				1CFEDBBB2387438800EDE618 /* Pele */,
				1CFEDBD52387438B00EDE618 /* PeleTests */,
				1CFEDBE02387438B00EDE618 /* PeleUITests */,
				1CFEDBBA2387438800EDE618 /* Products */,
			);
			sourceTree = "<group>";
		};
		1CFEDBBA2387438800EDE618 /* Products */ = {
			isa = PBXGroup;
			children = (
				1CFEDBB92387438800EDE618 /* Pele.app */,
				1CFEDBD22387438B00EDE618 /* PeleTests.xctest */,
				1CFEDBDD2387438B00EDE618 /* PeleUITests.xctest */,
			);
			name = Products;
			sourceTree = "<group>";
		};
		1CFEDBBB2387438800EDE618 /* Pele */ = {
			isa = PBXGroup;
			children = (
				1CFEDBCD2387438B00EDE618 /* Info.plist */,
				1CFEDC2C2387441F00EDE618 /* Views */,
				1CFEDC202387441F00EDE618 /* ViewModels */,
				1CFEDC152387441F00EDE618 /* Managers */,
				1CFEDC052387441F00EDE618 /* Protocols */,
				1CFEDC1A2387441F00EDE618 /* Models */,
				1CFEDC282387441F00EDE618 /* CoreDataModels */,
				1CFEDC0F2387441F00EDE618 /* Extensions */,
				1CFEDC032387441F00EDE618 /* DataModel.xcdatamodeld */,
				1CFEDBEF238743AB00EDE618 /* Supporting Files */,
				1CFEDBC72387438B00EDE618 /* Preview Content */,
			);
			path = Pele;
			sourceTree = "<group>";
		};
		1CFEDBC72387438B00EDE618 /* Preview Content */ = {
			isa = PBXGroup;
			children = (
				1CFEDBC82387438B00EDE618 /* Preview Assets.xcassets */,
			);
			path = "Preview Content";
			sourceTree = "<group>";
		};
		1CFEDBD52387438B00EDE618 /* PeleTests */ = {
			isa = PBXGroup;
			children = (
				1CFEDBD62387438B00EDE618 /* PeleTests.swift */,
				1CFEDBD82387438B00EDE618 /* Info.plist */,
			);
			path = PeleTests;
			sourceTree = "<group>";
		};
		1CFEDBE02387438B00EDE618 /* PeleUITests */ = {
			isa = PBXGroup;
			children = (
				1CFEDBE12387438B00EDE618 /* PeleUITests.swift */,
				1CFEDBE32387438B00EDE618 /* Info.plist */,
			);
			path = PeleUITests;
			sourceTree = "<group>";
		};
		1CFEDBEF238743AB00EDE618 /* Supporting Files */ = {
			isa = PBXGroup;
			children = (
				1CFEDBBC2387438800EDE618 /* AppDelegate.swift */,
				1CFEDBBE2387438800EDE618 /* SceneDelegate.swift */,
				1CFEDBC52387438B00EDE618 /* Assets.xcassets */,
				1CFEDC72238744CF00EDE618 /* AppIcon.appiconset */,
				1CFEDBCA2387438B00EDE618 /* LaunchScreen.storyboard */,
			);
			path = "Supporting Files";
			sourceTree = "<group>";
		};
		1CFEDC052387441F00EDE618 /* Protocols */ = {
			isa = PBXGroup;
			children = (
				1CFEDC062387441F00EDE618 /* RepProtocol.swift */,
				1CFEDC072387441F00EDE618 /* CardioExercise.swift */,
				1CFEDC082387441F00EDE618 /* WeightsExercise.swift */,
				1CFEDC092387441F00EDE618 /* Session.swift */,
				1CFEDC0A2387441F00EDE618 /* SetProtocol.swift */,
				1CFEDC0B2387441F00EDE618 /* Builder.swift */,
				1CFEDC0C2387441F00EDE618 /* NSManagedConvertable.swift */,
				1CFEDC0D2387441F00EDE618 /* Managed.swift */,
				1CFEDC0E2387441F00EDE618 /* Activity.swift */,
			);
			path = Protocols;
			sourceTree = "<group>";
		};
		1CFEDC0F2387441F00EDE618 /* Extensions */ = {
			isa = PBXGroup;
			children = (
				1CFEDC102387441F00EDE618 /* Arrays.swift */,
				1CFEDC112387441F00EDE618 /* UserDefaults+Keys.swift */,
				1CFEDC122387441F00EDE618 /* UserDefaults+Playlists.swift */,
				1CFEDC132387441F00EDE618 /* NSManagedObjectContextExtension.swift */,
				1CFEDC142387441F00EDE618 /* UserDefaults+Exercises.swift */,
			);
			path = Extensions;
			sourceTree = "<group>";
		};
		1CFEDC152387441F00EDE618 /* Managers */ = {
			isa = PBXGroup;
			children = (
				1CFEDC162387441F00EDE618 /* PlaylistsManager.swift */,
				1CFEDC172387441F00EDE618 /* ExercisePoolManager.swift */,
				1CFEDC182387441F00EDE618 /* WorkoutHistoryManager.swift */,
				1CFEDC192387441F00EDE618 /* ExerciseHistoryManager.swift */,
			);
			path = Managers;
			sourceTree = "<group>";
		};
		1CFEDC1A2387441F00EDE618 /* Models */ = {
			isa = PBXGroup;
			children = (
				1CFEDC1B2387441F00EDE618 /* PeleRoutine.swift */,
				1CFEDC1C2387441F00EDE618 /* WorkoutPlaylist.swift */,
				1CFEDC1D2387441F00EDE618 /* PeleWorkout.swift */,
				1CFEDC1E2387441F00EDE618 /* PeleExercise.swift */,
				1CFEDC1F2387441F00EDE618 /* MuscleGroups.swift */,
			);
			path = Models;
			sourceTree = "<group>";
		};
		1CFEDC202387441F00EDE618 /* ViewModels */ = {
			isa = PBXGroup;
			children = (
				1CFEDC212387441F00EDE618 /* LogExerciseViewModel.swift */,
				1CFEDC222387441F00EDE618 /* NumberFieldViewModel.swift */,
				1CFEDC232387441F00EDE618 /* SetViewModel.swift */,
				1CFEDC242387441F00EDE618 /* WorkoutListViewModel.swift */,
				1CFEDC252387441F00EDE618 /* PlayRoutineViewModel.swift */,
				1CFEDC262387441F00EDE618 /* ExerciseHistoryViewModel.swift */,
				1CFEDC272387441F00EDE618 /* WorkoutViewModel.swift */,
			);
			path = ViewModels;
			sourceTree = "<group>";
		};
		1CFEDC282387441F00EDE618 /* CoreDataModels */ = {
			isa = PBXGroup;
			children = (
				1CFEDC292387441F00EDE618 /* ExerciseSet+CoreDataProperties.swift */,
				1CFEDC2A2387441F00EDE618 /* Workout+CoreDataProperties.swift */,
			);
			path = CoreDataModels;
			sourceTree = "<group>";
		};
		1CFEDC2C2387441F00EDE618 /* Views */ = {
			isa = PBXGroup;
			children = (
				1CFEDC3B2387441F00EDE618 /* ContentView.swift */,
				1CFEDC2D2387441F00EDE618 /* Routine Management */,
				1CFEDC352387441F00EDE618 /* History */,
				1CFEDC3C2387441F00EDE618 /* Logging */,
			);
			path = Views;
			sourceTree = "<group>";
		};
		1CFEDC2D2387441F00EDE618 /* Routine Management */ = {
			isa = PBXGroup;
			children = (
				1CFEDC342387441F00EDE618 /* RoutineTab.swift */,
				1CFEDC312387441F00EDE618 /* EditRoutine.swift */,
				1CFEDC332387441F00EDE618 /* RoutineRow.swift */,
				1CFEDC2E2387441F00EDE618 /* BoxView.swift */,
				1CFEDC2F2387441F00EDE618 /* AddExercise.swift */,
				1CFEDC302387441F00EDE618 /* AddRoutine.swift */,
				1CFEDC322387441F00EDE618 /* ExerciseRow.swift */,
			);
			path = "Routine Management";
			sourceTree = "<group>";
		};
		1CFEDC352387441F00EDE618 /* History */ = {
			isa = PBXGroup;
			children = (
				1CFEDC362387441F00EDE618 /* HistoryTab.swift */,
				1CFEDC372387441F00EDE618 /* ExerciseHistoryPost.swift */,
				1CFEDC382387441F00EDE618 /* WorkoutRow.swift */,
				1CFEDC392387441F00EDE618 /* ExerciseDetailGraphView.swift */,
				1CFEDC3A2387441F00EDE618 /* WorkoutDetailView.swift */,
			);
			path = History;
			sourceTree = "<group>";
		};
		1CFEDC3C2387441F00EDE618 /* Logging */ = {
			isa = PBXGroup;
			children = (
				1CFEDC3D2387441F00EDE618 /* LogSet.swift */,
				1CFEDC3E2387441F00EDE618 /* LogExercise.swift */,
				1CFEDC3F2387441F00EDE618 /* PlayRoutine.swift */,
			);
			path = Logging;
			sourceTree = "<group>";
		};
		1CFEDC72238744CF00EDE618 /* AppIcon.appiconset */ = {
			isa = PBXGroup;
			children = (
				1CFEDC73238744CF00EDE618 /* Icon-App-76x76@2x.png */,
				1CFEDC74238744CF00EDE618 /* Icon-App-29x29@1x.png */,
				1CFEDC75238744CF00EDE618 /* Icon-App-40x40@1x.png */,
				1CFEDC76238744CF00EDE618 /* Icon-App-20x20@1x.png */,
				1CFEDC77238744CF00EDE618 /* Icon-App-83.5x83.5@2x.png */,
				1CFEDC78238744CF00EDE618 /* Icon-App-20x20@3x.png */,
				1CFEDC79238744CF00EDE618 /* ItunesArtwork@2x.png */,
				1CFEDC7A238744CF00EDE618 /* Contents.json */,
				1CFEDC7B238744CF00EDE618 /* Icon-App-20x20@2x.png */,
				1CFEDC7C238744CF00EDE618 /* Icon-App-29x29@3x.png */,
				1CFEDC7D238744CF00EDE618 /* Icon-App-40x40@2x.png */,
				1CFEDC7E238744CF00EDE618 /* Icon-App-60x60@3x.png */,
				1CFEDC7F238744CF00EDE618 /* Icon-App-60x60@2x.png */,
				1CFEDC80238744CF00EDE618 /* Icon-App-76x76@1x.png */,
				1CFEDC81238744CF00EDE618 /* Icon-App-40x40@3x.png */,
				1CFEDC82238744CF00EDE618 /* Icon-App-29x29@2x.png */,
			);
			path = AppIcon.appiconset;
			sourceTree = "<group>";
		};
/* End PBXGroup section */

/* Begin PBXNativeTarget section */
		1CFEDBB82387438800EDE618 /* Pele */ = {
			isa = PBXNativeTarget;
			buildConfigurationList = 1CFEDBE62387438B00EDE618 /* Build configuration list for PBXNativeTarget "Pele" */;
			buildPhases = (
				1CFEDBB52387438800EDE618 /* Sources */,
				1CFEDBB62387438800EDE618 /* Frameworks */,
				1CFEDBB72387438800EDE618 /* Resources */,
			);
			buildRules = (
			);
			dependencies = (
			);
			name = Pele;
			productName = Pele;
			productReference = 1CFEDBB92387438800EDE618 /* Pele.app */;
			productType = "com.apple.product-type.application";
		};
		1CFEDBD12387438B00EDE618 /* PeleTests */ = {
			isa = PBXNativeTarget;
			buildConfigurationList = 1CFEDBE92387438B00EDE618 /* Build configuration list for PBXNativeTarget "PeleTests" */;
			buildPhases = (
				1CFEDBCE2387438B00EDE618 /* Sources */,
				1CFEDBCF2387438B00EDE618 /* Frameworks */,
				1CFEDBD02387438B00EDE618 /* Resources */,
			);
			buildRules = (
			);
			dependencies = (
				1CFEDBD42387438B00EDE618 /* PBXTargetDependency */,
			);
			name = PeleTests;
			productName = PeleTests;
			productReference = 1CFEDBD22387438B00EDE618 /* PeleTests.xctest */;
			productType = "com.apple.product-type.bundle.unit-test";
		};
		1CFEDBDC2387438B00EDE618 /* PeleUITests */ = {
			isa = PBXNativeTarget;
			buildConfigurationList = 1CFEDBEC2387438B00EDE618 /* Build configuration list for PBXNativeTarget "PeleUITests" */;
			buildPhases = (
				1CFEDBD92387438B00EDE618 /* Sources */,
				1CFEDBDA2387438B00EDE618 /* Frameworks */,
				1CFEDBDB2387438B00EDE618 /* Resources */,
			);
			buildRules = (
			);
			dependencies = (
				1CFEDBDF2387438B00EDE618 /* PBXTargetDependency */,
			);
			name = PeleUITests;
			productName = PeleUITests;
			productReference = 1CFEDBDD2387438B00EDE618 /* PeleUITests.xctest */;
			productType = "com.apple.product-type.bundle.ui-testing";
		};
/* End PBXNativeTarget section */

/* Begin PBXProject section */
		1CFEDBB12387438800EDE618 /* Project object */ = {
			isa = PBXProject;
			attributes = {
				LastSwiftUpdateCheck = 1120;
				LastUpgradeCheck = 1120;
				ORGANIZATIONNAME = "Kamiar Coffey";
				TargetAttributes = {
					1CFEDBB82387438800EDE618 = {
						CreatedOnToolsVersion = 11.2.1;
					};
					1CFEDBD12387438B00EDE618 = {
						CreatedOnToolsVersion = 11.2.1;
						TestTargetID = 1CFEDBB82387438800EDE618;
					};
					1CFEDBDC2387438B00EDE618 = {
						CreatedOnToolsVersion = 11.2.1;
						TestTargetID = 1CFEDBB82387438800EDE618;
					};
				};
			};
			buildConfigurationList = 1CFEDBB42387438800EDE618 /* Build configuration list for PBXProject "Pele" */;
			compatibilityVersion = "Xcode 9.3";
			developmentRegion = en;
			hasScannedForEncodings = 0;
			knownRegions = (
				en,
				Base,
			);
			mainGroup = 1CFEDBB02387438800EDE618;
			productRefGroup = 1CFEDBBA2387438800EDE618 /* Products */;
			projectDirPath = "";
			projectRoot = "";
			targets = (
				1CFEDBB82387438800EDE618 /* Pele */,
				1CFEDBD12387438B00EDE618 /* PeleTests */,
				1CFEDBDC2387438B00EDE618 /* PeleUITests */,
			);
		};
/* End PBXProject section */

/* Begin PBXResourcesBuildPhase section */
		1CFEDBB72387438800EDE618 /* Resources */ = {
			isa = PBXResourcesBuildPhase;
			buildActionMask = 2147483647;
			files = (
				1CFEDC86238744CF00EDE618 /* Icon-App-20x20@1x.png in Resources */,
				1CFEDC84238744CF00EDE618 /* Icon-App-29x29@1x.png in Resources */,
				1CFEDC92238744CF00EDE618 /* Icon-App-29x29@2x.png in Resources */,
				1CFEDC8B238744CF00EDE618 /* Icon-App-20x20@2x.png in Resources */,
				1CFEDC83238744CF00EDE618 /* Icon-App-76x76@2x.png in Resources */,
				1CFEDBCC2387438B00EDE618 /* LaunchScreen.storyboard in Resources */,
				1CFEDC85238744CF00EDE618 /* Icon-App-40x40@1x.png in Resources */,
				1CFEDC8E238744CF00EDE618 /* Icon-App-60x60@3x.png in Resources */,
				1CFEDC90238744CF00EDE618 /* Icon-App-76x76@1x.png in Resources */,
				1CFEDC88238744CF00EDE618 /* Icon-App-20x20@3x.png in Resources */,
				1CFEDBC92387438B00EDE618 /* Preview Assets.xcassets in Resources */,
				1CFEDC87238744CF00EDE618 /* Icon-App-83.5x83.5@2x.png in Resources */,
				1CFEDC8F238744CF00EDE618 /* Icon-App-60x60@2x.png in Resources */,
				1CFEDBC62387438B00EDE618 /* Assets.xcassets in Resources */,
				1CFEDC8D238744CF00EDE618 /* Icon-App-40x40@2x.png in Resources */,
				1CFEDC8A238744CF00EDE618 /* Contents.json in Resources */,
				1CFEDC91238744CF00EDE618 /* Icon-App-40x40@3x.png in Resources */,
				1CFEDC89238744CF00EDE618 /* ItunesArtwork@2x.png in Resources */,
				1CFEDC8C238744CF00EDE618 /* Icon-App-29x29@3x.png in Resources */,
			);
			runOnlyForDeploymentPostprocessing = 0;
		};
		1CFEDBD02387438B00EDE618 /* Resources */ = {
			isa = PBXResourcesBuildPhase;
			buildActionMask = 2147483647;
			files = (
			);
			runOnlyForDeploymentPostprocessing = 0;
		};
		1CFEDBDB2387438B00EDE618 /* Resources */ = {
			isa = PBXResourcesBuildPhase;
			buildActionMask = 2147483647;
			files = (
			);
			runOnlyForDeploymentPostprocessing = 0;
		};
/* End PBXResourcesBuildPhase section */

/* Begin PBXSourcesBuildPhase section */
		1CFEDBB52387438800EDE618 /* Sources */ = {
			isa = PBXSourcesBuildPhase;
			buildActionMask = 2147483647;
			files = (
				1CFEDC6C2387441F00EDE618 /* ExerciseDetailGraphView.swift in Sources */,
				1CFEDC532387441F00EDE618 /* PeleRoutine.swift in Sources */,
				1CFEDC4B2387441F00EDE618 /* UserDefaults+Keys.swift in Sources */,
				1CFEDC482387441F00EDE618 /* Managed.swift in Sources */,
				1CFEDC542387441F00EDE618 /* WorkoutPlaylist.swift in Sources */,
				1CFEDC592387441F00EDE618 /* NumberFieldViewModel.swift in Sources */,
				1CFEDBBD2387438800EDE618 /* AppDelegate.swift in Sources */,
				1CFEDC632387441F00EDE618 /* AddExercise.swift in Sources */,
				1CFEDC492387441F00EDE618 /* Activity.swift in Sources */,
				1CFEDC412387441F00EDE618 /* RepProtocol.swift in Sources */,
				1CFEDC5A2387441F00EDE618 /* SetViewModel.swift in Sources */,
				1CFEDC4A2387441F00EDE618 /* Arrays.swift in Sources */,
				1CFEDC512387441F00EDE618 /* WorkoutHistoryManager.swift in Sources */,
				1CFEDC452387441F00EDE618 /* SetProtocol.swift in Sources */,
				1CFEDC4D2387441F00EDE618 /* NSManagedObjectContextExtension.swift in Sources */,
				1CFEDC4C2387441F00EDE618 /* UserDefaults+Playlists.swift in Sources */,
				1CFEDC5E2387441F00EDE618 /* WorkoutViewModel.swift in Sources */,
				1CFEDC522387441F00EDE618 /* ExerciseHistoryManager.swift in Sources */,
				1CFEDC6B2387441F00EDE618 /* WorkoutRow.swift in Sources */,
				1CFEDC622387441F00EDE618 /* BoxView.swift in Sources */,
				1CFEDC602387441F00EDE618 /* Workout+CoreDataProperties.swift in Sources */,
				1CFEDC462387441F00EDE618 /* Builder.swift in Sources */,
				1CFEDC6D2387441F00EDE618 /* WorkoutDetailView.swift in Sources */,
				1CFEDC562387441F00EDE618 /* PeleExercise.swift in Sources */,
				1CFEDC5D2387441F00EDE618 /* ExerciseHistoryViewModel.swift in Sources */,
				1CFEDC662387441F00EDE618 /* ExerciseRow.swift in Sources */,
				1CFEDC6E2387441F00EDE618 /* ContentView.swift in Sources */,
				1CFEDC672387441F00EDE618 /* RoutineRow.swift in Sources */,
				1CFEDC402387441F00EDE618 /* DataModel.xcdatamodeld in Sources */,
				1CFEDC692387441F00EDE618 /* HistoryTab.swift in Sources */,
				1CFEDC432387441F00EDE618 /* WeightsExercise.swift in Sources */,
				1CFEDBBF2387438800EDE618 /* SceneDelegate.swift in Sources */,
				1CFEDC5F2387441F00EDE618 /* ExerciseSet+CoreDataProperties.swift in Sources */,
				1CFEDC682387441F00EDE618 /* RoutineTab.swift in Sources */,
				1CFEDC4E2387441F00EDE618 /* UserDefaults+Exercises.swift in Sources */,
				1CFEDC472387441F00EDE618 /* NSManagedConvertable.swift in Sources */,
				1CFEDC422387441F00EDE618 /* CardioExercise.swift in Sources */,
				1CFEDC5B2387441F00EDE618 /* WorkoutListViewModel.swift in Sources */,
				1CFEDC572387441F00EDE618 /* MuscleGroups.swift in Sources */,
				1CFEDC712387441F00EDE618 /* PlayRoutine.swift in Sources */,
				1CFEDC6A2387441F00EDE618 /* ExerciseHistoryPost.swift in Sources */,
				1CFEDC4F2387441F00EDE618 /* PlaylistsManager.swift in Sources */,
				1CFEDC642387441F00EDE618 /* AddRoutine.swift in Sources */,
				1CFEDC5C2387441F00EDE618 /* PlayRoutineViewModel.swift in Sources */,
				1CFEDC6F2387441F00EDE618 /* LogSet.swift in Sources */,
				1CFEDC652387441F00EDE618 /* EditRoutine.swift in Sources */,
				1CFEDC552387441F00EDE618 /* PeleWorkout.swift in Sources */,
				1CFEDC582387441F00EDE618 /* LogExerciseViewModel.swift in Sources */,
				1CFEDC502387441F00EDE618 /* ExercisePoolManager.swift in Sources */,
				1CFEDC702387441F00EDE618 /* LogExercise.swift in Sources */,
				1CFEDC442387441F00EDE618 /* Session.swift in Sources */,
			);
			runOnlyForDeploymentPostprocessing = 0;
		};
		1CFEDBCE2387438B00EDE618 /* Sources */ = {
			isa = PBXSourcesBuildPhase;
			buildActionMask = 2147483647;
			files = (
				1CFEDBD72387438B00EDE618 /* PeleTests.swift in Sources */,
			);
			runOnlyForDeploymentPostprocessing = 0;
		};
		1CFEDBD92387438B00EDE618 /* Sources */ = {
			isa = PBXSourcesBuildPhase;
			buildActionMask = 2147483647;
			files = (
				1CFEDBE22387438B00EDE618 /* PeleUITests.swift in Sources */,
			);
			runOnlyForDeploymentPostprocessing = 0;
		};
/* End PBXSourcesBuildPhase section */

/* Begin PBXTargetDependency section */
		1CFEDBD42387438B00EDE618 /* PBXTargetDependency */ = {
			isa = PBXTargetDependency;
			target = 1CFEDBB82387438800EDE618 /* Pele */;
			targetProxy = 1CFEDBD32387438B00EDE618 /* PBXContainerItemProxy */;
		};
		1CFEDBDF2387438B00EDE618 /* PBXTargetDependency */ = {
			isa = PBXTargetDependency;
			target = 1CFEDBB82387438800EDE618 /* Pele */;
			targetProxy = 1CFEDBDE2387438B00EDE618 /* PBXContainerItemProxy */;
		};
/* End PBXTargetDependency section */

/* Begin PBXVariantGroup section */
		1CFEDBCA2387438B00EDE618 /* LaunchScreen.storyboard */ = {
			isa = PBXVariantGroup;
			children = (
				1CFEDBCB2387438B00EDE618 /* Base */,
			);
			name = LaunchScreen.storyboard;
			sourceTree = "<group>";
		};
/* End PBXVariantGroup section */

/* Begin XCBuildConfiguration section */
		1CFEDBE42387438B00EDE618 /* Debug */ = {
			isa = XCBuildConfiguration;
			buildSettings = {
				ALWAYS_SEARCH_USER_PATHS = NO;
				CLANG_ANALYZER_NONNULL = YES;
				CLANG_ANALYZER_NUMBER_OBJECT_CONVERSION = YES_AGGRESSIVE;
				CLANG_CXX_LANGUAGE_STANDARD = "gnu++14";
				CLANG_CXX_LIBRARY = "libc++";
				CLANG_ENABLE_MODULES = YES;
				CLANG_ENABLE_OBJC_ARC = YES;
				CLANG_ENABLE_OBJC_WEAK = YES;
				CLANG_WARN_BLOCK_CAPTURE_AUTORELEASING = YES;
				CLANG_WARN_BOOL_CONVERSION = YES;
				CLANG_WARN_COMMA = YES;
				CLANG_WARN_CONSTANT_CONVERSION = YES;
				CLANG_WARN_DEPRECATED_OBJC_IMPLEMENTATIONS = YES;
				CLANG_WARN_DIRECT_OBJC_ISA_USAGE = YES_ERROR;
				CLANG_WARN_DOCUMENTATION_COMMENTS = YES;
				CLANG_WARN_EMPTY_BODY = YES;
				CLANG_WARN_ENUM_CONVERSION = YES;
				CLANG_WARN_INFINITE_RECURSION = YES;
				CLANG_WARN_INT_CONVERSION = YES;
				CLANG_WARN_NON_LITERAL_NULL_CONVERSION = YES;
				CLANG_WARN_OBJC_IMPLICIT_RETAIN_SELF = YES;
				CLANG_WARN_OBJC_LITERAL_CONVERSION = YES;
				CLANG_WARN_OBJC_ROOT_CLASS = YES_ERROR;
				CLANG_WARN_RANGE_LOOP_ANALYSIS = YES;
				CLANG_WARN_STRICT_PROTOTYPES = YES;
				CLANG_WARN_SUSPICIOUS_MOVE = YES;
				CLANG_WARN_UNGUARDED_AVAILABILITY = YES_AGGRESSIVE;
				CLANG_WARN_UNREACHABLE_CODE = YES;
				CLANG_WARN__DUPLICATE_METHOD_MATCH = YES;
				COPY_PHASE_STRIP = NO;
				DEBUG_INFORMATION_FORMAT = dwarf;
				ENABLE_STRICT_OBJC_MSGSEND = YES;
				ENABLE_TESTABILITY = YES;
				GCC_C_LANGUAGE_STANDARD = gnu11;
				GCC_DYNAMIC_NO_PIC = NO;
				GCC_NO_COMMON_BLOCKS = YES;
				GCC_OPTIMIZATION_LEVEL = 0;
				GCC_PREPROCESSOR_DEFINITIONS = (
					"DEBUG=1",
					"$(inherited)",
				);
				GCC_WARN_64_TO_32_BIT_CONVERSION = YES;
				GCC_WARN_ABOUT_RETURN_TYPE = YES_ERROR;
				GCC_WARN_UNDECLARED_SELECTOR = YES;
				GCC_WARN_UNINITIALIZED_AUTOS = YES_AGGRESSIVE;
				GCC_WARN_UNUSED_FUNCTION = YES;
				GCC_WARN_UNUSED_VARIABLE = YES;
				IPHONEOS_DEPLOYMENT_TARGET = 13.2;
				MTL_ENABLE_DEBUG_INFO = INCLUDE_SOURCE;
				MTL_FAST_MATH = YES;
				ONLY_ACTIVE_ARCH = YES;
				SDKROOT = iphoneos;
				SWIFT_ACTIVE_COMPILATION_CONDITIONS = DEBUG;
				SWIFT_OPTIMIZATION_LEVEL = "-Onone";
			};
			name = Debug;
		};
		1CFEDBE52387438B00EDE618 /* Release */ = {
			isa = XCBuildConfiguration;
			buildSettings = {
				ALWAYS_SEARCH_USER_PATHS = NO;
				CLANG_ANALYZER_NONNULL = YES;
				CLANG_ANALYZER_NUMBER_OBJECT_CONVERSION = YES_AGGRESSIVE;
				CLANG_CXX_LANGUAGE_STANDARD = "gnu++14";
				CLANG_CXX_LIBRARY = "libc++";
				CLANG_ENABLE_MODULES = YES;
				CLANG_ENABLE_OBJC_ARC = YES;
				CLANG_ENABLE_OBJC_WEAK = YES;
				CLANG_WARN_BLOCK_CAPTURE_AUTORELEASING = YES;
				CLANG_WARN_BOOL_CONVERSION = YES;
				CLANG_WARN_COMMA = YES;
				CLANG_WARN_CONSTANT_CONVERSION = YES;
				CLANG_WARN_DEPRECATED_OBJC_IMPLEMENTATIONS = YES;
				CLANG_WARN_DIRECT_OBJC_ISA_USAGE = YES_ERROR;
				CLANG_WARN_DOCUMENTATION_COMMENTS = YES;
				CLANG_WARN_EMPTY_BODY = YES;
				CLANG_WARN_ENUM_CONVERSION = YES;
				CLANG_WARN_INFINITE_RECURSION = YES;
				CLANG_WARN_INT_CONVERSION = YES;
				CLANG_WARN_NON_LITERAL_NULL_CONVERSION = YES;
				CLANG_WARN_OBJC_IMPLICIT_RETAIN_SELF = YES;
				CLANG_WARN_OBJC_LITERAL_CONVERSION = YES;
				CLANG_WARN_OBJC_ROOT_CLASS = YES_ERROR;
				CLANG_WARN_RANGE_LOOP_ANALYSIS = YES;
				CLANG_WARN_STRICT_PROTOTYPES = YES;
				CLANG_WARN_SUSPICIOUS_MOVE = YES;
				CLANG_WARN_UNGUARDED_AVAILABILITY = YES_AGGRESSIVE;
				CLANG_WARN_UNREACHABLE_CODE = YES;
				CLANG_WARN__DUPLICATE_METHOD_MATCH = YES;
				COPY_PHASE_STRIP = NO;
				DEBUG_INFORMATION_FORMAT = "dwarf-with-dsym";
				ENABLE_NS_ASSERTIONS = NO;
				ENABLE_STRICT_OBJC_MSGSEND = YES;
				GCC_C_LANGUAGE_STANDARD = gnu11;
				GCC_NO_COMMON_BLOCKS = YES;
				GCC_WARN_64_TO_32_BIT_CONVERSION = YES;
				GCC_WARN_ABOUT_RETURN_TYPE = YES_ERROR;
				GCC_WARN_UNDECLARED_SELECTOR = YES;
				GCC_WARN_UNINITIALIZED_AUTOS = YES_AGGRESSIVE;
				GCC_WARN_UNUSED_FUNCTION = YES;
				GCC_WARN_UNUSED_VARIABLE = YES;
				IPHONEOS_DEPLOYMENT_TARGET = 13.2;
				MTL_ENABLE_DEBUG_INFO = NO;
				MTL_FAST_MATH = YES;
				SDKROOT = iphoneos;
				SWIFT_COMPILATION_MODE = wholemodule;
				SWIFT_OPTIMIZATION_LEVEL = "-O";
				VALIDATE_PRODUCT = YES;
			};
			name = Release;
		};
		1CFEDBE72387438B00EDE618 /* Debug */ = {
			isa = XCBuildConfiguration;
			buildSettings = {
				ASSETCATALOG_COMPILER_APPICON_NAME = AppIcon;
				CODE_SIGN_STYLE = Automatic;
				DEVELOPMENT_ASSET_PATHS = "\"Pele/Preview Content\"";
				DEVELOPMENT_TEAM = 526DHGGYX5;
				ENABLE_PREVIEWS = YES;
				INFOPLIST_FILE = Pele/Info.plist;
				LD_RUNPATH_SEARCH_PATHS = (
					"$(inherited)",
					"@executable_path/Frameworks",
				);
				PRODUCT_BUNDLE_IDENTIFIER = kamiar.coffey.Pele;
				PRODUCT_NAME = "$(TARGET_NAME)";
				SWIFT_VERSION = 5.0;
				TARGETED_DEVICE_FAMILY = "1,2";
			};
			name = Debug;
		};
		1CFEDBE82387438B00EDE618 /* Release */ = {
			isa = XCBuildConfiguration;
			buildSettings = {
				ASSETCATALOG_COMPILER_APPICON_NAME = AppIcon;
				CODE_SIGN_STYLE = Automatic;
				DEVELOPMENT_ASSET_PATHS = "\"Pele/Preview Content\"";
				DEVELOPMENT_TEAM = 526DHGGYX5;
				ENABLE_PREVIEWS = YES;
				INFOPLIST_FILE = Pele/Info.plist;
				LD_RUNPATH_SEARCH_PATHS = (
					"$(inherited)",
					"@executable_path/Frameworks",
				);
				PRODUCT_BUNDLE_IDENTIFIER = kamiar.coffey.Pele;
				PRODUCT_NAME = "$(TARGET_NAME)";
				SWIFT_VERSION = 5.0;
				TARGETED_DEVICE_FAMILY = "1,2";
			};
			name = Release;
		};
		1CFEDBEA2387438B00EDE618 /* Debug */ = {
			isa = XCBuildConfiguration;
			buildSettings = {
				ALWAYS_EMBED_SWIFT_STANDARD_LIBRARIES = YES;
				BUNDLE_LOADER = "$(TEST_HOST)";
				CODE_SIGN_STYLE = Automatic;
				DEVELOPMENT_TEAM = 526DHGGYX5;
				INFOPLIST_FILE = PeleTests/Info.plist;
				IPHONEOS_DEPLOYMENT_TARGET = 13.2;
				LD_RUNPATH_SEARCH_PATHS = (
					"$(inherited)",
					"@executable_path/Frameworks",
					"@loader_path/Frameworks",
				);
				PRODUCT_BUNDLE_IDENTIFIER = kamiar.coffey.PeleTests;
				PRODUCT_NAME = "$(TARGET_NAME)";
				SWIFT_VERSION = 5.0;
				TARGETED_DEVICE_FAMILY = "1,2";
				TEST_HOST = "$(BUILT_PRODUCTS_DIR)/Pele.app/Pele";
			};
			name = Debug;
		};
		1CFEDBEB2387438B00EDE618 /* Release */ = {
			isa = XCBuildConfiguration;
			buildSettings = {
				ALWAYS_EMBED_SWIFT_STANDARD_LIBRARIES = YES;
				BUNDLE_LOADER = "$(TEST_HOST)";
				CODE_SIGN_STYLE = Automatic;
				DEVELOPMENT_TEAM = 526DHGGYX5;
				INFOPLIST_FILE = PeleTests/Info.plist;
				IPHONEOS_DEPLOYMENT_TARGET = 13.2;
				LD_RUNPATH_SEARCH_PATHS = (
					"$(inherited)",
					"@executable_path/Frameworks",
					"@loader_path/Frameworks",
				);
				PRODUCT_BUNDLE_IDENTIFIER = kamiar.coffey.PeleTests;
				PRODUCT_NAME = "$(TARGET_NAME)";
				SWIFT_VERSION = 5.0;
				TARGETED_DEVICE_FAMILY = "1,2";
				TEST_HOST = "$(BUILT_PRODUCTS_DIR)/Pele.app/Pele";
			};
			name = Release;
		};
		1CFEDBED2387438B00EDE618 /* Debug */ = {
			isa = XCBuildConfiguration;
			buildSettings = {
				ALWAYS_EMBED_SWIFT_STANDARD_LIBRARIES = YES;
				CODE_SIGN_STYLE = Automatic;
				DEVELOPMENT_TEAM = 526DHGGYX5;
				INFOPLIST_FILE = PeleUITests/Info.plist;
				LD_RUNPATH_SEARCH_PATHS = (
					"$(inherited)",
					"@executable_path/Frameworks",
					"@loader_path/Frameworks",
				);
				PRODUCT_BUNDLE_IDENTIFIER = kamiar.coffey.PeleUITests;
				PRODUCT_NAME = "$(TARGET_NAME)";
				SWIFT_VERSION = 5.0;
				TARGETED_DEVICE_FAMILY = "1,2";
				TEST_TARGET_NAME = Pele;
			};
			name = Debug;
		};
		1CFEDBEE2387438B00EDE618 /* Release */ = {
			isa = XCBuildConfiguration;
			buildSettings = {
				ALWAYS_EMBED_SWIFT_STANDARD_LIBRARIES = YES;
				CODE_SIGN_STYLE = Automatic;
				DEVELOPMENT_TEAM = 526DHGGYX5;
				INFOPLIST_FILE = PeleUITests/Info.plist;
				LD_RUNPATH_SEARCH_PATHS = (
					"$(inherited)",
					"@executable_path/Frameworks",
					"@loader_path/Frameworks",
				);
				PRODUCT_BUNDLE_IDENTIFIER = kamiar.coffey.PeleUITests;
				PRODUCT_NAME = "$(TARGET_NAME)";
				SWIFT_VERSION = 5.0;
				TARGETED_DEVICE_FAMILY = "1,2";
				TEST_TARGET_NAME = Pele;
			};
			name = Release;
		};
/* End XCBuildConfiguration section */

/* Begin XCConfigurationList section */
		1CFEDBB42387438800EDE618 /* Build configuration list for PBXProject "Pele" */ = {
			isa = XCConfigurationList;
			buildConfigurations = (
				1CFEDBE42387438B00EDE618 /* Debug */,
				1CFEDBE52387438B00EDE618 /* Release */,
			);
			defaultConfigurationIsVisible = 0;
			defaultConfigurationName = Release;
		};
		1CFEDBE62387438B00EDE618 /* Build configuration list for PBXNativeTarget "Pele" */ = {
			isa = XCConfigurationList;
			buildConfigurations = (
				1CFEDBE72387438B00EDE618 /* Debug */,
				1CFEDBE82387438B00EDE618 /* Release */,
			);
			defaultConfigurationIsVisible = 0;
			defaultConfigurationName = Release;
		};
		1CFEDBE92387438B00EDE618 /* Build configuration list for PBXNativeTarget "PeleTests" */ = {
			isa = XCConfigurationList;
			buildConfigurations = (
				1CFEDBEA2387438B00EDE618 /* Debug */,
				1CFEDBEB2387438B00EDE618 /* Release */,
			);
			defaultConfigurationIsVisible = 0;
			defaultConfigurationName = Release;
		};
		1CFEDBEC2387438B00EDE618 /* Build configuration list for PBXNativeTarget "PeleUITests" */ = {
			isa = XCConfigurationList;
			buildConfigurations = (
				1CFEDBED2387438B00EDE618 /* Debug */,
				1CFEDBEE2387438B00EDE618 /* Release */,
			);
			defaultConfigurationIsVisible = 0;
			defaultConfigurationName = Release;
		};
/* End XCConfigurationList section */

/* Begin XCVersionGroup section */
		1CFEDC032387441F00EDE618 /* DataModel.xcdatamodeld */ = {
			isa = XCVersionGroup;
			children = (
				1CFEDC042387441F00EDE618 /* DataModel.xcdatamodel */,
			);
			currentVersion = 1CFEDC042387441F00EDE618 /* DataModel.xcdatamodel */;
			name = DataModel.xcdatamodeld;
			path = "../../../../Downloads/Pele-master/Pele.xcodeproj/DataModel.xcdatamodeld";
			sourceTree = "<group>";
			versionGroupType = wrapper.xcdatamodel;
		};
/* End XCVersionGroup section */
	};
	rootObject = 1CFEDBB12387438800EDE618 /* Project object */;
}
